
Microsoft Visual Studio Solution File, Format Version 12.00
# Visual Studio Version 17
VisualStudioVersion = 17.10.35004.147
MinimumVisualStudioVersion = 10.0.40219.1
Project("{FAE04EC0-301F-11D3-BF4B-00C04F79EFBC}") = "PurchaseOrderApp", "PurchaseOrderApp\PurchaseOrderApp.csproj", "{EB82FC84-3000-4A53-A531-2BD09FF0335F}"
EndProject
Global
	GlobalSection(SolutionConfigurationPlatforms) = preSolution
		Debug|Any CPU = Debug|Any CPU
		Release|Any CPU = Release|Any CPU
	EndGlobalSection
	GlobalSection(ProjectConfigurationPlatforms) = postSolution
		{EB82FC84-3000-4A53-A531-2BD09FF0335F}.Debug|Any CPU.ActiveCfg = Debug|Any CPU
		{EB82FC84-3000-4A53-A531-2BD09FF0335F}.Debug|Any CPU.Build.0 = Debug|Any CPU
		{EB82FC84-3000-4A53-A531-2BD09FF0335F}.Release|Any CPU.ActiveCfg = Release|Any CPU
		{EB82FC84-3000-4A53-A531-2BD09FF0335F}.Release|Any CPU.Build.0 = Release|Any CPU
	EndGlobalSection
	GlobalSection(SolutionProperties) = preSolution
		HideSolutionNode = FALSE
	EndGlobalSection
	GlobalSection(ExtensibilityGlobals) = postSolution
		SolutionGuid = {DD926BC6-3818-46EE-AF5E-D396B266CDB8}
	EndGlobalSection
EndGlobal
